{
  "version": 4,
  "terraform_version": "1.14.3",
  "serial": 24,
  "lineage": "a05d7ab7-83c7-d320-da67-29f87de2df30",
  "outputs": {},
  "resources": [
    {
      "module": "module.auth0_app[\"BTS-demo-spa-dev\"]",
      "mode": "managed",
      "type": "auth0_client",
      "name": "app",
      "provider": "provider[\"registry.terraform.io/auth0/auth0\"]",
      "instances": [
        {
          "schema_version": 0,
          "attributes": {
            "addons": [],
            "allowed_clients": [],
            "allowed_logout_urls": [
              "https://demo-dev.bts.example.com/logout"
            ],
            "allowed_origins": [],
            "app_type": "spa",
            "async_approval_notification_channels": [],
            "callbacks": [
              "https://updatedagain-callback/callback"
            ],
            "client_aliases": [],
            "client_id": "kx1z1TZkhiiZWspSUKDmgZqg277NCyJW",
            "client_metadata": {
              "environment": "dev",
              "org_name": "BTS",
              "owner_team": "demo-platform",
              "servicenow_req": "REQ0009999",
              "system": "demo"
            },
            "compliance_level": "",
            "cross_origin_auth": false,
            "cross_origin_loc": "",
            "custom_login_page": "",
            "custom_login_page_on": true,
            "default_organization": [
              {
                "disable": true,
                "flows": [],
                "organization_id": ""
              }
            ],
            "description": "Org: BTS | SNOW: REQ0009999",
            "encryption_key": null,
            "express_configuration": [],
            "form_template": "",
            "grant_types": [
              "authorization_code",
              "refresh_token"
            ],
            "id": "kx1z1TZkhiiZWspSUKDmgZqg277NCyJW",
            "initiate_login_uri": "",
            "is_first_party": true,
            "is_token_endpoint_ip_header_trusted": false,
            "jwt_configuration": [
              {
                "alg": "",
                "lifetime_in_seconds": 3600,
                "scopes": {},
                "secret_encoded": false
              }
            ],
            "logo_uri": "",
            "mobile": [],
            "name": "BTS Demo SPA (Dev)",
            "native_social_login": [],
            "oidc_backchannel_logout_urls": [],
            "oidc_conformant": false,
            "oidc_logout": [],
            "organization_discovery_methods": [],
            "organization_require_behavior": "",
            "organization_usage": "",
            "refresh_token": [
              {
                "expiration_type": "non-expiring",
                "idle_token_lifetime": 1296000,
                "infinite_idle_token_lifetime": true,
                "infinite_token_lifetime": true,
                "leeway": 0,
                "policies": [],
                "rotation_type": "non-rotating",
                "token_lifetime": 2592000
              }
            ],
            "require_proof_of_possession": false,
            "require_pushed_authorization_requests": false,
            "resource_server_identifier": "",
            "session_transfer": [],
            "signing_keys": [
              {
                "cert": "-----BEGIN CERTIFICATE-----\r\nMIIDFTCCAf2gAwIBAgIJWhchrgWVhs9+MA0GCSqGSIb3DQEBCwUAMCgxJjAkBgNV\r\nBAMTHWFwcHMtc2JveC53cmJlcmtsZXkuYXV0aDAuY29tMB4XDTIzMDEyNDIwMTMz\r\nM1oXDTM2MTAwMjIwMTMzM1owKDEmMCQGA1UEAxMdYXBwcy1zYm94LndyYmVya2xl\r\neS5hdXRoMC5jb20wggEiMA0GCSqGSIb3DQEBAQUAA4IBDwAwggEKAoIBAQDAjDX+\r\nk/Q6ZolH18EwKNpu9QBpRkX76scbYsFTv5FMtgsdv5TSzseCUZi87PJ7zIqRUBCe\r\n8fzQnm8Gh3/BBVW1Om5DTHmVrwCBEOAsvbbHk5seu9EKGDjFLtWljFHmPSVbVUL8\r\nmYAxZAoBuIV12ir9oryJrb7eVjDj+xfkWOt874WjIaCZS/Wku2UbgSrMvZWH16Iu\r\nmViuJIWMPx6eppD5EHHKZB2D41rBC/rJWrNvPUxoDlcnZEsggR6UaGN4RzJYmhjr\r\nyd/WWvsM4AE750+nL4swcy5M7H7d04SbvwZWr8wfKwaYWPL5a/RUgRmw8qJAmmnE\r\nnNLRVLAaSXU+Cc+BAgMBAAGjQjBAMA8GA1UdEwEB/wQFMAMBAf8wHQYDVR0OBBYE\r\nFO2VtsIFm8EyJZ43c2lHPukMrBl/MA4GA1UdDwEB/wQEAwIChDANBgkqhkiG9w0B\r\nAQsFAAOCAQEAObFV8zBghySGyT5Bx3B9wwWhoxoXxz8LMSntwJQbx4f45o/SkZdn\r\nNDL5z30sbGeVXca/xTxE5FjsRIPToPMgHroi3jqJhermBOXxfD3Bjy0k2E8lWByt\r\nPEbo+9WACmmtYIrMIQ8Nk5+gobtMN/kOeu3u14x+2R39AzcD90qeOuxgBoXB/Xqd\r\nGoWswzPZFVCqQ7G1NUw43MqnyANKVrCpAHAqDuGFl/+iIwiBsu9H6f3Mls0R5neD\r\nhE18cWqyv27FjRoNBJ9qMlSDujGZvFlr/MFLH2TdMxQV6Km0nR/wpLre/3EzczEt\r\nGbr3HoSkW+Z74e1GiM4BPZzz7vIiq1dZHQ==\r\n-----END CERTIFICATE-----",
                "pkcs7": "-----BEGIN PKCS7-----\r\nMIIDRAYJKoZIhvcNAQcCoIIDNTCCAzECAQExADALBgkqhkiG9w0BBwGgggMZMIID\r\nFTCCAf2gAwIBAgIJWhchrgWVhs9+MA0GCSqGSIb3DQEBCwUAMCgxJjAkBgNVBAMT\r\nHWFwcHMtc2JveC53cmJlcmtsZXkuYXV0aDAuY29tMB4XDTIzMDEyNDIwMTMzM1oX\r\nDTM2MTAwMjIwMTMzM1owKDEmMCQGA1UEAxMdYXBwcy1zYm94LndyYmVya2xleS5h\r\ndXRoMC5jb20wggEiMA0GCSqGSIb3DQEBAQUAA4IBDwAwggEKAoIBAQDAjDX+k/Q6\r\nZolH18EwKNpu9QBpRkX76scbYsFTv5FMtgsdv5TSzseCUZi87PJ7zIqRUBCe8fzQ\r\nnm8Gh3/BBVW1Om5DTHmVrwCBEOAsvbbHk5seu9EKGDjFLtWljFHmPSVbVUL8mYAx\r\nZAoBuIV12ir9oryJrb7eVjDj+xfkWOt874WjIaCZS/Wku2UbgSrMvZWH16IumViu\r\nJIWMPx6eppD5EHHKZB2D41rBC/rJWrNvPUxoDlcnZEsggR6UaGN4RzJYmhjryd/W\r\nWvsM4AE750+nL4swcy5M7H7d04SbvwZWr8wfKwaYWPL5a/RUgRmw8qJAmmnEnNLR\r\nVLAaSXU+Cc+BAgMBAAGjQjBAMA8GA1UdEwEB/wQFMAMBAf8wHQYDVR0OBBYEFO2V\r\ntsIFm8EyJZ43c2lHPukMrBl/MA4GA1UdDwEB/wQEAwIChDANBgkqhkiG9w0BAQsF\r\nAAOCAQEAObFV8zBghySGyT5Bx3B9wwWhoxoXxz8LMSntwJQbx4f45o/SkZdnNDL5\r\nz30sbGeVXca/xTxE5FjsRIPToPMgHroi3jqJhermBOXxfD3Bjy0k2E8lWBytPEbo\r\n+9WACmmtYIrMIQ8Nk5+gobtMN/kOeu3u14x+2R39AzcD90qeOuxgBoXB/XqdGoWs\r\nwzPZFVCqQ7G1NUw43MqnyANKVrCpAHAqDuGFl/+iIwiBsu9H6f3Mls0R5neDhE18\r\ncWqyv27FjRoNBJ9qMlSDujGZvFlr/MFLH2TdMxQV6Km0nR/wpLre/3EzczEtGbr3\r\nHoSkW+Z74e1GiM4BPZzz7vIiq1dZHTEA\r\n-----END PKCS7-----\r\n",
                "subject": "deprecated"
              }
            ],
            "skip_non_verifiable_callback_uri_confirmation_prompt": "null",
            "sso": false,
            "sso_disabled": false,
            "token_exchange": [],
            "token_quota": [],
            "web_origins": [
              "https://demo-dev.bts.example.com"
            ]
          },
          "sensitive_attributes": [
            [
              {
                "type": "get_attr",
                "value": "signing_keys"
              }
            ]
          ],
          "identity_schema_version": 0,
          "private": "bnVsbA=="
        }
      ]
    },
    {
      "module": "module.auth0_app[\"BTS-orders-api-dev\"]",
      "mode": "managed",
      "type": "auth0_client",
      "name": "app",
      "provider": "provider[\"registry.terraform.io/auth0/auth0\"]",
      "instances": [
        {
          "schema_version": 0,
          "attributes": {
            "addons": [],
            "allowed_clients": [],
            "allowed_logout_urls": [
              "https://orders-dev.example.com/logout"
            ],
            "allowed_origins": [],
            "app_type": "regular_web",
            "async_approval_notification_channels": [],
            "callbacks": [
              "https://orders-dev.example.com/callback"
            ],
            "client_aliases": [],
            "client_id": "HjHocMIvTydLlBLkaR2byKzDkE8cDJOc",
            "client_metadata": {
              "environment": "dev",
              "org_name": "BTS",
              "owner_team": "orders-platform",
              "servicenow_req": "REQ0012345",
              "system": "orders"
            },
            "compliance_level": "",
            "cross_origin_auth": false,
            "cross_origin_loc": "",
            "custom_login_page": "",
            "custom_login_page_on": true,
            "default_organization": [
              {
                "disable": true,
                "flows": [],
                "organization_id": ""
              }
            ],
            "description": "Org: BTS | SNOW: REQ0012345",
            "encryption_key": null,
            "express_configuration": [],
            "form_template": "",
            "grant_types": [
              "authorization_code",
              "refresh_token"
            ],
            "id": "HjHocMIvTydLlBLkaR2byKzDkE8cDJOc",
            "initiate_login_uri": "",
            "is_first_party": true,
            "is_token_endpoint_ip_header_trusted": false,
            "jwt_configuration": [
              {
                "alg": "",
                "lifetime_in_seconds": 3600,
                "scopes": {},
                "secret_encoded": false
              }
            ],
            "logo_uri": "",
            "mobile": [],
            "name": "Orders API (Dev)",
            "native_social_login": [],
            "oidc_backchannel_logout_urls": [],
            "oidc_conformant": false,
            "oidc_logout": [],
            "organization_discovery_methods": [],
            "organization_require_behavior": "",
            "organization_usage": "",
            "refresh_token": [
              {
                "expiration_type": "non-expiring",
                "idle_token_lifetime": 2592000,
                "infinite_idle_token_lifetime": true,
                "infinite_token_lifetime": true,
                "leeway": 0,
                "policies": [],
                "rotation_type": "non-rotating",
                "token_lifetime": 31557600
              }
            ],
            "require_proof_of_possession": false,
            "require_pushed_authorization_requests": false,
            "resource_server_identifier": "",
            "session_transfer": [],
            "signing_keys": [
              {
                "cert": "-----BEGIN CERTIFICATE-----\r\nMIIDFTCCAf2gAwIBAgIJWhchrgWVhs9+MA0GCSqGSIb3DQEBCwUAMCgxJjAkBgNV\r\nBAMTHWFwcHMtc2JveC53cmJlcmtsZXkuYXV0aDAuY29tMB4XDTIzMDEyNDIwMTMz\r\nM1oXDTM2MTAwMjIwMTMzM1owKDEmMCQGA1UEAxMdYXBwcy1zYm94LndyYmVya2xl\r\neS5hdXRoMC5jb20wggEiMA0GCSqGSIb3DQEBAQUAA4IBDwAwggEKAoIBAQDAjDX+\r\nk/Q6ZolH18EwKNpu9QBpRkX76scbYsFTv5FMtgsdv5TSzseCUZi87PJ7zIqRUBCe\r\n8fzQnm8Gh3/BBVW1Om5DTHmVrwCBEOAsvbbHk5seu9EKGDjFLtWljFHmPSVbVUL8\r\nmYAxZAoBuIV12ir9oryJrb7eVjDj+xfkWOt874WjIaCZS/Wku2UbgSrMvZWH16Iu\r\nmViuJIWMPx6eppD5EHHKZB2D41rBC/rJWrNvPUxoDlcnZEsggR6UaGN4RzJYmhjr\r\nyd/WWvsM4AE750+nL4swcy5M7H7d04SbvwZWr8wfKwaYWPL5a/RUgRmw8qJAmmnE\r\nnNLRVLAaSXU+Cc+BAgMBAAGjQjBAMA8GA1UdEwEB/wQFMAMBAf8wHQYDVR0OBBYE\r\nFO2VtsIFm8EyJZ43c2lHPukMrBl/MA4GA1UdDwEB/wQEAwIChDANBgkqhkiG9w0B\r\nAQsFAAOCAQEAObFV8zBghySGyT5Bx3B9wwWhoxoXxz8LMSntwJQbx4f45o/SkZdn\r\nNDL5z30sbGeVXca/xTxE5FjsRIPToPMgHroi3jqJhermBOXxfD3Bjy0k2E8lWByt\r\nPEbo+9WACmmtYIrMIQ8Nk5+gobtMN/kOeu3u14x+2R39AzcD90qeOuxgBoXB/Xqd\r\nGoWswzPZFVCqQ7G1NUw43MqnyANKVrCpAHAqDuGFl/+iIwiBsu9H6f3Mls0R5neD\r\nhE18cWqyv27FjRoNBJ9qMlSDujGZvFlr/MFLH2TdMxQV6Km0nR/wpLre/3EzczEt\r\nGbr3HoSkW+Z74e1GiM4BPZzz7vIiq1dZHQ==\r\n-----END CERTIFICATE-----",
                "pkcs7": "-----BEGIN PKCS7-----\r\nMIIDRAYJKoZIhvcNAQcCoIIDNTCCAzECAQExADALBgkqhkiG9w0BBwGgggMZMIID\r\nFTCCAf2gAwIBAgIJWhchrgWVhs9+MA0GCSqGSIb3DQEBCwUAMCgxJjAkBgNVBAMT\r\nHWFwcHMtc2JveC53cmJlcmtsZXkuYXV0aDAuY29tMB4XDTIzMDEyNDIwMTMzM1oX\r\nDTM2MTAwMjIwMTMzM1owKDEmMCQGA1UEAxMdYXBwcy1zYm94LndyYmVya2xleS5h\r\ndXRoMC5jb20wggEiMA0GCSqGSIb3DQEBAQUAA4IBDwAwggEKAoIBAQDAjDX+k/Q6\r\nZolH18EwKNpu9QBpRkX76scbYsFTv5FMtgsdv5TSzseCUZi87PJ7zIqRUBCe8fzQ\r\nnm8Gh3/BBVW1Om5DTHmVrwCBEOAsvbbHk5seu9EKGDjFLtWljFHmPSVbVUL8mYAx\r\nZAoBuIV12ir9oryJrb7eVjDj+xfkWOt874WjIaCZS/Wku2UbgSrMvZWH16IumViu\r\nJIWMPx6eppD5EHHKZB2D41rBC/rJWrNvPUxoDlcnZEsggR6UaGN4RzJYmhjryd/W\r\nWvsM4AE750+nL4swcy5M7H7d04SbvwZWr8wfKwaYWPL5a/RUgRmw8qJAmmnEnNLR\r\nVLAaSXU+Cc+BAgMBAAGjQjBAMA8GA1UdEwEB/wQFMAMBAf8wHQYDVR0OBBYEFO2V\r\ntsIFm8EyJZ43c2lHPukMrBl/MA4GA1UdDwEB/wQEAwIChDANBgkqhkiG9w0BAQsF\r\nAAOCAQEAObFV8zBghySGyT5Bx3B9wwWhoxoXxz8LMSntwJQbx4f45o/SkZdnNDL5\r\nz30sbGeVXca/xTxE5FjsRIPToPMgHroi3jqJhermBOXxfD3Bjy0k2E8lWBytPEbo\r\n+9WACmmtYIrMIQ8Nk5+gobtMN/kOeu3u14x+2R39AzcD90qeOuxgBoXB/XqdGoWs\r\nwzPZFVCqQ7G1NUw43MqnyANKVrCpAHAqDuGFl/+iIwiBsu9H6f3Mls0R5neDhE18\r\ncWqyv27FjRoNBJ9qMlSDujGZvFlr/MFLH2TdMxQV6Km0nR/wpLre/3EzczEtGbr3\r\nHoSkW+Z74e1GiM4BPZzz7vIiq1dZHTEA\r\n-----END PKCS7-----\r\n",
                "subject": "deprecated"
              }
            ],
            "skip_non_verifiable_callback_uri_confirmation_prompt": "null",
            "sso": false,
            "sso_disabled": false,
            "token_exchange": [],
            "token_quota": [],
            "web_origins": [
              "https://orders-dev.example.com"
            ]
          },
          "sensitive_attributes": [
            [
              {
                "type": "get_attr",
                "value": "signing_keys"
              }
            ]
          ],
          "identity_schema_version": 0,
          "private": "bnVsbA=="
        }
      ]
    },
    {
      "module": "module.auth0_app[\"CWG-billing-api-dev\"]",
      "mode": "managed",
      "type": "auth0_client",
      "name": "app",
      "provider": "provider[\"registry.terraform.io/auth0/auth0\"]",
      "instances": [
        {
          "schema_version": 0,
          "attributes": {
            "addons": [],
            "allowed_clients": [],
            "allowed_logout_urls": [
              "https://billing-dev.example.com/logout"
            ],
            "allowed_origins": [],
            "app_type": "regular_web",
            "async_approval_notification_channels": [],
            "callbacks": [
              "https://billing-dev.example.com/callback"
            ],
            "client_aliases": [],
            "client_id": "BjDU4djEVynHwQVqK0frJajjhn4W9Wj2",
            "client_metadata": {
              "environment": "dev",
              "org_name": "CWG",
              "owner_team": "billing-platform",
              "servicenow_req": "REQ0012345",
              "system": "billing"
            },
            "compliance_level": "",
            "cross_origin_auth": false,
            "cross_origin_loc": "",
            "custom_login_page": "",
            "custom_login_page_on": true,
            "default_organization": [
              {
                "disable": true,
                "flows": [],
                "organization_id": ""
              }
            ],
            "description": "Org: CWG | SNOW: REQ0012345",
            "encryption_key": null,
            "express_configuration": [],
            "form_template": "",
            "grant_types": [
              "authorization_code",
              "refresh_token"
            ],
            "id": "BjDU4djEVynHwQVqK0frJajjhn4W9Wj2",
            "initiate_login_uri": "",
            "is_first_party": true,
            "is_token_endpoint_ip_header_trusted": false,
            "jwt_configuration": [
              {
                "alg": "",
                "lifetime_in_seconds": 3600,
                "scopes": {},
                "secret_encoded": false
              }
            ],
            "logo_uri": "",
            "mobile": [],
            "name": "Billing APP (Dev)",
            "native_social_login": [],
            "oidc_backchannel_logout_urls": [],
            "oidc_conformant": false,
            "oidc_logout": [],
            "organization_discovery_methods": [],
            "organization_require_behavior": "",
            "organization_usage": "",
            "refresh_token": [
              {
                "expiration_type": "non-expiring",
                "idle_token_lifetime": 2592000,
                "infinite_idle_token_lifetime": true,
                "infinite_token_lifetime": true,
                "leeway": 0,
                "policies": [],
                "rotation_type": "non-rotating",
                "token_lifetime": 31557600
              }
            ],
            "require_proof_of_possession": false,
            "require_pushed_authorization_requests": false,
            "resource_server_identifier": "",
            "session_transfer": [],
            "signing_keys": [
              {
                "cert": "-----BEGIN CERTIFICATE-----\r\nMIIDFTCCAf2gAwIBAgIJWhchrgWVhs9+MA0GCSqGSIb3DQEBCwUAMCgxJjAkBgNV\r\nBAMTHWFwcHMtc2JveC53cmJlcmtsZXkuYXV0aDAuY29tMB4XDTIzMDEyNDIwMTMz\r\nM1oXDTM2MTAwMjIwMTMzM1owKDEmMCQGA1UEAxMdYXBwcy1zYm94LndyYmVya2xl\r\neS5hdXRoMC5jb20wggEiMA0GCSqGSIb3DQEBAQUAA4IBDwAwggEKAoIBAQDAjDX+\r\nk/Q6ZolH18EwKNpu9QBpRkX76scbYsFTv5FMtgsdv5TSzseCUZi87PJ7zIqRUBCe\r\n8fzQnm8Gh3/BBVW1Om5DTHmVrwCBEOAsvbbHk5seu9EKGDjFLtWljFHmPSVbVUL8\r\nmYAxZAoBuIV12ir9oryJrb7eVjDj+xfkWOt874WjIaCZS/Wku2UbgSrMvZWH16Iu\r\nmViuJIWMPx6eppD5EHHKZB2D41rBC/rJWrNvPUxoDlcnZEsggR6UaGN4RzJYmhjr\r\nyd/WWvsM4AE750+nL4swcy5M7H7d04SbvwZWr8wfKwaYWPL5a/RUgRmw8qJAmmnE\r\nnNLRVLAaSXU+Cc+BAgMBAAGjQjBAMA8GA1UdEwEB/wQFMAMBAf8wHQYDVR0OBBYE\r\nFO2VtsIFm8EyJZ43c2lHPukMrBl/MA4GA1UdDwEB/wQEAwIChDANBgkqhkiG9w0B\r\nAQsFAAOCAQEAObFV8zBghySGyT5Bx3B9wwWhoxoXxz8LMSntwJQbx4f45o/SkZdn\r\nNDL5z30sbGeVXca/xTxE5FjsRIPToPMgHroi3jqJhermBOXxfD3Bjy0k2E8lWByt\r\nPEbo+9WACmmtYIrMIQ8Nk5+gobtMN/kOeu3u14x+2R39AzcD90qeOuxgBoXB/Xqd\r\nGoWswzPZFVCqQ7G1NUw43MqnyANKVrCpAHAqDuGFl/+iIwiBsu9H6f3Mls0R5neD\r\nhE18cWqyv27FjRoNBJ9qMlSDujGZvFlr/MFLH2TdMxQV6Km0nR/wpLre/3EzczEt\r\nGbr3HoSkW+Z74e1GiM4BPZzz7vIiq1dZHQ==\r\n-----END CERTIFICATE-----",
                "pkcs7": "-----BEGIN PKCS7-----\r\nMIIDRAYJKoZIhvcNAQcCoIIDNTCCAzECAQExADALBgkqhkiG9w0BBwGgggMZMIID\r\nFTCCAf2gAwIBAgIJWhchrgWVhs9+MA0GCSqGSIb3DQEBCwUAMCgxJjAkBgNVBAMT\r\nHWFwcHMtc2JveC53cmJlcmtsZXkuYXV0aDAuY29tMB4XDTIzMDEyNDIwMTMzM1oX\r\nDTM2MTAwMjIwMTMzM1owKDEmMCQGA1UEAxMdYXBwcy1zYm94LndyYmVya2xleS5h\r\ndXRoMC5jb20wggEiMA0GCSqGSIb3DQEBAQUAA4IBDwAwggEKAoIBAQDAjDX+k/Q6\r\nZolH18EwKNpu9QBpRkX76scbYsFTv5FMtgsdv5TSzseCUZi87PJ7zIqRUBCe8fzQ\r\nnm8Gh3/BBVW1Om5DTHmVrwCBEOAsvbbHk5seu9EKGDjFLtWljFHmPSVbVUL8mYAx\r\nZAoBuIV12ir9oryJrb7eVjDj+xfkWOt874WjIaCZS/Wku2UbgSrMvZWH16IumViu\r\nJIWMPx6eppD5EHHKZB2D41rBC/rJWrNvPUxoDlcnZEsggR6UaGN4RzJYmhjryd/W\r\nWvsM4AE750+nL4swcy5M7H7d04SbvwZWr8wfKwaYWPL5a/RUgRmw8qJAmmnEnNLR\r\nVLAaSXU+Cc+BAgMBAAGjQjBAMA8GA1UdEwEB/wQFMAMBAf8wHQYDVR0OBBYEFO2V\r\ntsIFm8EyJZ43c2lHPukMrBl/MA4GA1UdDwEB/wQEAwIChDANBgkqhkiG9w0BAQsF\r\nAAOCAQEAObFV8zBghySGyT5Bx3B9wwWhoxoXxz8LMSntwJQbx4f45o/SkZdnNDL5\r\nz30sbGeVXca/xTxE5FjsRIPToPMgHroi3jqJhermBOXxfD3Bjy0k2E8lWBytPEbo\r\n+9WACmmtYIrMIQ8Nk5+gobtMN/kOeu3u14x+2R39AzcD90qeOuxgBoXB/XqdGoWs\r\nwzPZFVCqQ7G1NUw43MqnyANKVrCpAHAqDuGFl/+iIwiBsu9H6f3Mls0R5neDhE18\r\ncWqyv27FjRoNBJ9qMlSDujGZvFlr/MFLH2TdMxQV6Km0nR/wpLre/3EzczEtGbr3\r\nHoSkW+Z74e1GiM4BPZzz7vIiq1dZHTEA\r\n-----END PKCS7-----\r\n",
                "subject": "deprecated"
              }
            ],
            "skip_non_verifiable_callback_uri_confirmation_prompt": "null",
            "sso": false,
            "sso_disabled": false,
            "token_exchange": [],
            "token_quota": [],
            "web_origins": [
              "https://billing-dev.example.com"
            ]
          },
          "sensitive_attributes": [
            [
              {
                "type": "get_attr",
                "value": "signing_keys"
              }
            ]
          ],
          "identity_schema_version": 0,
          "private": "bnVsbA=="
        }
      ]
    },
    {
      "module": "module.auth0_app[\"GEM-GEM-api-dev\"]",
      "mode": "managed",
      "type": "auth0_client",
      "name": "app",
      "provider": "provider[\"registry.terraform.io/auth0/auth0\"]",
      "instances": [
        {
          "schema_version": 0,
          "attributes": {
            "addons": [],
            "allowed_clients": null,
            "allowed_logout_urls": [
              "https://EgebV-dev.example.com/logout"
            ],
            "allowed_origins": null,
            "app_type": "regular_web",
            "async_approval_notification_channels": [],
            "callbacks": [
              "https://GEMa-dev.example.com/callback"
            ],
            "client_aliases": null,
            "client_id": "G3updcsGitYoSQ2BfKjexR0uuTZD6Y5i",
            "client_metadata": {
              "environment": "dev",
              "org_name": "GEM",
              "owner_team": "GEM-platform",
              "servicenow_req": "REQ0012345",
              "system": "GEM"
            },
            "compliance_level": "",
            "cross_origin_auth": false,
            "cross_origin_loc": "",
            "custom_login_page": "",
            "custom_login_page_on": true,
            "default_organization": [
              {
                "disable": true,
                "flows": [],
                "organization_id": ""
              }
            ],
            "description": "Org: GEM | SNOW: REQ0012345",
            "encryption_key": null,
            "express_configuration": [],
            "form_template": "",
            "grant_types": [
              "authorization_code",
              "refresh_token"
            ],
            "id": "G3updcsGitYoSQ2BfKjexR0uuTZD6Y5i",
            "initiate_login_uri": "",
            "is_first_party": true,
            "is_token_endpoint_ip_header_trusted": false,
            "jwt_configuration": [
              {
                "alg": "",
                "lifetime_in_seconds": 3600,
                "scopes": null,
                "secret_encoded": false
              }
            ],
            "logo_uri": "",
            "mobile": [],
            "name": "GEM APP (Test)",
            "native_social_login": [],
            "oidc_backchannel_logout_urls": [],
            "oidc_conformant": false,
            "oidc_logout": [],
            "organization_discovery_methods": null,
            "organization_require_behavior": "",
            "organization_usage": "",
            "refresh_token": [
              {
                "expiration_type": "non-expiring",
                "idle_token_lifetime": 2592000,
                "infinite_idle_token_lifetime": true,
                "infinite_token_lifetime": true,
                "leeway": 0,
                "policies": [],
                "rotation_type": "non-rotating",
                "token_lifetime": 31557600
              }
            ],
            "require_proof_of_possession": false,
            "require_pushed_authorization_requests": false,
            "resource_server_identifier": "",
            "session_transfer": [],
            "signing_keys": [
              {
                "cert": "-----BEGIN CERTIFICATE-----\r\nMIIDFTCCAf2gAwIBAgIJWhchrgWVhs9+MA0GCSqGSIb3DQEBCwUAMCgxJjAkBgNV\r\nBAMTHWFwcHMtc2JveC53cmJlcmtsZXkuYXV0aDAuY29tMB4XDTIzMDEyNDIwMTMz\r\nM1oXDTM2MTAwMjIwMTMzM1owKDEmMCQGA1UEAxMdYXBwcy1zYm94LndyYmVya2xl\r\neS5hdXRoMC5jb20wggEiMA0GCSqGSIb3DQEBAQUAA4IBDwAwggEKAoIBAQDAjDX+\r\nk/Q6ZolH18EwKNpu9QBpRkX76scbYsFTv5FMtgsdv5TSzseCUZi87PJ7zIqRUBCe\r\n8fzQnm8Gh3/BBVW1Om5DTHmVrwCBEOAsvbbHk5seu9EKGDjFLtWljFHmPSVbVUL8\r\nmYAxZAoBuIV12ir9oryJrb7eVjDj+xfkWOt874WjIaCZS/Wku2UbgSrMvZWH16Iu\r\nmViuJIWMPx6eppD5EHHKZB2D41rBC/rJWrNvPUxoDlcnZEsggR6UaGN4RzJYmhjr\r\nyd/WWvsM4AE750+nL4swcy5M7H7d04SbvwZWr8wfKwaYWPL5a/RUgRmw8qJAmmnE\r\nnNLRVLAaSXU+Cc+BAgMBAAGjQjBAMA8GA1UdEwEB/wQFMAMBAf8wHQYDVR0OBBYE\r\nFO2VtsIFm8EyJZ43c2lHPukMrBl/MA4GA1UdDwEB/wQEAwIChDANBgkqhkiG9w0B\r\nAQsFAAOCAQEAObFV8zBghySGyT5Bx3B9wwWhoxoXxz8LMSntwJQbx4f45o/SkZdn\r\nNDL5z30sbGeVXca/xTxE5FjsRIPToPMgHroi3jqJhermBOXxfD3Bjy0k2E8lWByt\r\nPEbo+9WACmmtYIrMIQ8Nk5+gobtMN/kOeu3u14x+2R39AzcD90qeOuxgBoXB/Xqd\r\nGoWswzPZFVCqQ7G1NUw43MqnyANKVrCpAHAqDuGFl/+iIwiBsu9H6f3Mls0R5neD\r\nhE18cWqyv27FjRoNBJ9qMlSDujGZvFlr/MFLH2TdMxQV6Km0nR/wpLre/3EzczEt\r\nGbr3HoSkW+Z74e1GiM4BPZzz7vIiq1dZHQ==\r\n-----END CERTIFICATE-----",
                "pkcs7": "-----BEGIN PKCS7-----\r\nMIIDRAYJKoZIhvcNAQcCoIIDNTCCAzECAQExADALBgkqhkiG9w0BBwGgggMZMIID\r\nFTCCAf2gAwIBAgIJWhchrgWVhs9+MA0GCSqGSIb3DQEBCwUAMCgxJjAkBgNVBAMT\r\nHWFwcHMtc2JveC53cmJlcmtsZXkuYXV0aDAuY29tMB4XDTIzMDEyNDIwMTMzM1oX\r\nDTM2MTAwMjIwMTMzM1owKDEmMCQGA1UEAxMdYXBwcy1zYm94LndyYmVya2xleS5h\r\ndXRoMC5jb20wggEiMA0GCSqGSIb3DQEBAQUAA4IBDwAwggEKAoIBAQDAjDX+k/Q6\r\nZolH18EwKNpu9QBpRkX76scbYsFTv5FMtgsdv5TSzseCUZi87PJ7zIqRUBCe8fzQ\r\nnm8Gh3/BBVW1Om5DTHmVrwCBEOAsvbbHk5seu9EKGDjFLtWljFHmPSVbVUL8mYAx\r\nZAoBuIV12ir9oryJrb7eVjDj+xfkWOt874WjIaCZS/Wku2UbgSrMvZWH16IumViu\r\nJIWMPx6eppD5EHHKZB2D41rBC/rJWrNvPUxoDlcnZEsggR6UaGN4RzJYmhjryd/W\r\nWvsM4AE750+nL4swcy5M7H7d04SbvwZWr8wfKwaYWPL5a/RUgRmw8qJAmmnEnNLR\r\nVLAaSXU+Cc+BAgMBAAGjQjBAMA8GA1UdEwEB/wQFMAMBAf8wHQYDVR0OBBYEFO2V\r\ntsIFm8EyJZ43c2lHPukMrBl/MA4GA1UdDwEB/wQEAwIChDANBgkqhkiG9w0BAQsF\r\nAAOCAQEAObFV8zBghySGyT5Bx3B9wwWhoxoXxz8LMSntwJQbx4f45o/SkZdnNDL5\r\nz30sbGeVXca/xTxE5FjsRIPToPMgHroi3jqJhermBOXxfD3Bjy0k2E8lWBytPEbo\r\n+9WACmmtYIrMIQ8Nk5+gobtMN/kOeu3u14x+2R39AzcD90qeOuxgBoXB/XqdGoWs\r\nwzPZFVCqQ7G1NUw43MqnyANKVrCpAHAqDuGFl/+iIwiBsu9H6f3Mls0R5neDhE18\r\ncWqyv27FjRoNBJ9qMlSDujGZvFlr/MFLH2TdMxQV6Km0nR/wpLre/3EzczEtGbr3\r\nHoSkW+Z74e1GiM4BPZzz7vIiq1dZHTEA\r\n-----END PKCS7-----\r\n",
                "subject": "deprecated"
              }
            ],
            "skip_non_verifiable_callback_uri_confirmation_prompt": "null",
            "sso": false,
            "sso_disabled": false,
            "token_exchange": [],
            "token_quota": [],
            "web_origins": [
              "https://Ebv-dev.example.com"
            ]
          },
          "sensitive_attributes": [
            [
              {
                "type": "get_attr",
                "value": "signing_keys"
              }
            ]
          ],
          "identity_schema_version": 0,
          "private": "bnVsbA=="
        }
      ]
    },
    {
      "module": "module.auth0_app[\"NIC-NIC-api-dev\"]",
      "mode": "managed",
      "type": "auth0_client",
      "name": "app",
      "provider": "provider[\"registry.terraform.io/auth0/auth0\"]",
      "instances": [
        {
          "schema_version": 0,
          "attributes": {
            "addons": [],
            "allowed_clients": [],
            "allowed_logout_urls": [
              "https://NIC-dev.example.com/logout"
            ],
            "allowed_origins": [],
            "app_type": "regular_web",
            "async_approval_notification_channels": [],
            "callbacks": [
              "https://NICa-dev.example.com/callback"
            ],
            "client_aliases": [],
            "client_id": "oqlOOIujLiUW4qpsHRRAX84GizP3mLWs",
            "client_metadata": {
              "environment": "dev",
              "org_name": "NIC",
              "owner_team": "NIC-platform",
              "servicenow_req": "REQ0012345",
              "system": "NIC"
            },
            "compliance_level": "",
            "cross_origin_auth": false,
            "cross_origin_loc": "",
            "custom_login_page": "",
            "custom_login_page_on": true,
            "default_organization": [
              {
                "disable": true,
                "flows": [],
                "organization_id": ""
              }
            ],
            "description": "Org: NIC | SNOW: REQ0012345",
            "encryption_key": null,
            "express_configuration": [],
            "form_template": "",
            "grant_types": [
              "authorization_code",
              "refresh_token"
            ],
            "id": "oqlOOIujLiUW4qpsHRRAX84GizP3mLWs",
            "initiate_login_uri": "",
            "is_first_party": true,
            "is_token_endpoint_ip_header_trusted": false,
            "jwt_configuration": [
              {
                "alg": "",
                "lifetime_in_seconds": 3600,
                "scopes": {},
                "secret_encoded": false
              }
            ],
            "logo_uri": "",
            "mobile": [],
            "name": "NIC APP (Dev)",
            "native_social_login": [],
            "oidc_backchannel_logout_urls": [],
            "oidc_conformant": false,
            "oidc_logout": [],
            "organization_discovery_methods": [],
            "organization_require_behavior": "",
            "organization_usage": "",
            "refresh_token": [
              {
                "expiration_type": "non-expiring",
                "idle_token_lifetime": 2592000,
                "infinite_idle_token_lifetime": true,
                "infinite_token_lifetime": true,
                "leeway": 0,
                "policies": [],
                "rotation_type": "non-rotating",
                "token_lifetime": 31557600
              }
            ],
            "require_proof_of_possession": false,
            "require_pushed_authorization_requests": false,
            "resource_server_identifier": "",
            "session_transfer": [],
            "signing_keys": [
              {
                "cert": "-----BEGIN CERTIFICATE-----\r\nMIIDFTCCAf2gAwIBAgIJWhchrgWVhs9+MA0GCSqGSIb3DQEBCwUAMCgxJjAkBgNV\r\nBAMTHWFwcHMtc2JveC53cmJlcmtsZXkuYXV0aDAuY29tMB4XDTIzMDEyNDIwMTMz\r\nM1oXDTM2MTAwMjIwMTMzM1owKDEmMCQGA1UEAxMdYXBwcy1zYm94LndyYmVya2xl\r\neS5hdXRoMC5jb20wggEiMA0GCSqGSIb3DQEBAQUAA4IBDwAwggEKAoIBAQDAjDX+\r\nk/Q6ZolH18EwKNpu9QBpRkX76scbYsFTv5FMtgsdv5TSzseCUZi87PJ7zIqRUBCe\r\n8fzQnm8Gh3/BBVW1Om5DTHmVrwCBEOAsvbbHk5seu9EKGDjFLtWljFHmPSVbVUL8\r\nmYAxZAoBuIV12ir9oryJrb7eVjDj+xfkWOt874WjIaCZS/Wku2UbgSrMvZWH16Iu\r\nmViuJIWMPx6eppD5EHHKZB2D41rBC/rJWrNvPUxoDlcnZEsggR6UaGN4RzJYmhjr\r\nyd/WWvsM4AE750+nL4swcy5M7H7d04SbvwZWr8wfKwaYWPL5a/RUgRmw8qJAmmnE\r\nnNLRVLAaSXU+Cc+BAgMBAAGjQjBAMA8GA1UdEwEB/wQFMAMBAf8wHQYDVR0OBBYE\r\nFO2VtsIFm8EyJZ43c2lHPukMrBl/MA4GA1UdDwEB/wQEAwIChDANBgkqhkiG9w0B\r\nAQsFAAOCAQEAObFV8zBghySGyT5Bx3B9wwWhoxoXxz8LMSntwJQbx4f45o/SkZdn\r\nNDL5z30sbGeVXca/xTxE5FjsRIPToPMgHroi3jqJhermBOXxfD3Bjy0k2E8lWByt\r\nPEbo+9WACmmtYIrMIQ8Nk5+gobtMN/kOeu3u14x+2R39AzcD90qeOuxgBoXB/Xqd\r\nGoWswzPZFVCqQ7G1NUw43MqnyANKVrCpAHAqDuGFl/+iIwiBsu9H6f3Mls0R5neD\r\nhE18cWqyv27FjRoNBJ9qMlSDujGZvFlr/MFLH2TdMxQV6Km0nR/wpLre/3EzczEt\r\nGbr3HoSkW+Z74e1GiM4BPZzz7vIiq1dZHQ==\r\n-----END CERTIFICATE-----",
                "pkcs7": "-----BEGIN PKCS7-----\r\nMIIDRAYJKoZIhvcNAQcCoIIDNTCCAzECAQExADALBgkqhkiG9w0BBwGgggMZMIID\r\nFTCCAf2gAwIBAgIJWhchrgWVhs9+MA0GCSqGSIb3DQEBCwUAMCgxJjAkBgNVBAMT\r\nHWFwcHMtc2JveC53cmJlcmtsZXkuYXV0aDAuY29tMB4XDTIzMDEyNDIwMTMzM1oX\r\nDTM2MTAwMjIwMTMzM1owKDEmMCQGA1UEAxMdYXBwcy1zYm94LndyYmVya2xleS5h\r\ndXRoMC5jb20wggEiMA0GCSqGSIb3DQEBAQUAA4IBDwAwggEKAoIBAQDAjDX+k/Q6\r\nZolH18EwKNpu9QBpRkX76scbYsFTv5FMtgsdv5TSzseCUZi87PJ7zIqRUBCe8fzQ\r\nnm8Gh3/BBVW1Om5DTHmVrwCBEOAsvbbHk5seu9EKGDjFLtWljFHmPSVbVUL8mYAx\r\nZAoBuIV12ir9oryJrb7eVjDj+xfkWOt874WjIaCZS/Wku2UbgSrMvZWH16IumViu\r\nJIWMPx6eppD5EHHKZB2D41rBC/rJWrNvPUxoDlcnZEsggR6UaGN4RzJYmhjryd/W\r\nWvsM4AE750+nL4swcy5M7H7d04SbvwZWr8wfKwaYWPL5a/RUgRmw8qJAmmnEnNLR\r\nVLAaSXU+Cc+BAgMBAAGjQjBAMA8GA1UdEwEB/wQFMAMBAf8wHQYDVR0OBBYEFO2V\r\ntsIFm8EyJZ43c2lHPukMrBl/MA4GA1UdDwEB/wQEAwIChDANBgkqhkiG9w0BAQsF\r\nAAOCAQEAObFV8zBghySGyT5Bx3B9wwWhoxoXxz8LMSntwJQbx4f45o/SkZdnNDL5\r\nz30sbGeVXca/xTxE5FjsRIPToPMgHroi3jqJhermBOXxfD3Bjy0k2E8lWBytPEbo\r\n+9WACmmtYIrMIQ8Nk5+gobtMN/kOeu3u14x+2R39AzcD90qeOuxgBoXB/XqdGoWs\r\nwzPZFVCqQ7G1NUw43MqnyANKVrCpAHAqDuGFl/+iIwiBsu9H6f3Mls0R5neDhE18\r\ncWqyv27FjRoNBJ9qMlSDujGZvFlr/MFLH2TdMxQV6Km0nR/wpLre/3EzczEtGbr3\r\nHoSkW+Z74e1GiM4BPZzz7vIiq1dZHTEA\r\n-----END PKCS7-----\r\n",
                "subject": "deprecated"
              }
            ],
            "skip_non_verifiable_callback_uri_confirmation_prompt": "null",
            "sso": false,
            "sso_disabled": false,
            "token_exchange": [],
            "token_quota": [],
            "web_origins": [
              "https://NIC-dev.example.com"
            ]
          },
          "sensitive_attributes": [
            [
              {
                "type": "get_attr",
                "value": "signing_keys"
              }
            ]
          ],
          "identity_schema_version": 0,
          "private": "bnVsbA=="
        }
      ]
    },
    {
      "module": "module.auth0_app[\"RSS-RSS-api-dev\"]",
      "mode": "managed",
      "type": "auth0_client",
      "name": "app",
      "provider": "provider[\"registry.terraform.io/auth0/auth0\"]",
      "instances": [
        {
          "schema_version": 0,
          "attributes": {
            "addons": [],
            "allowed_clients": [],
            "allowed_logout_urls": [
              "https://RSS-dev.example.com/logout"
            ],
            "allowed_origins": [],
            "app_type": "regular_web",
            "async_approval_notification_channels": [],
            "callbacks": [
              "https://RSSa-dev.example.com/callback"
            ],
            "client_aliases": [],
            "client_id": "DWPxIXRGK6EqlpFQsQg2H3ro3p60jjEX",
            "client_metadata": {
              "environment": "dev",
              "org_name": "RSS",
              "owner_team": "RSS-platform",
              "servicenow_req": "REQ0012345",
              "system": "RSS"
            },
            "compliance_level": "",
            "cross_origin_auth": false,
            "cross_origin_loc": "",
            "custom_login_page": "",
            "custom_login_page_on": true,
            "default_organization": [
              {
                "disable": true,
                "flows": [],
                "organization_id": ""
              }
            ],
            "description": "Org: RSS | SNOW: REQ0012345",
            "encryption_key": null,
            "express_configuration": [],
            "form_template": "",
            "grant_types": [
              "authorization_code",
              "refresh_token"
            ],
            "id": "DWPxIXRGK6EqlpFQsQg2H3ro3p60jjEX",
            "initiate_login_uri": "",
            "is_first_party": true,
            "is_token_endpoint_ip_header_trusted": false,
            "jwt_configuration": [
              {
                "alg": "",
                "lifetime_in_seconds": 3600,
                "scopes": {},
                "secret_encoded": false
              }
            ],
            "logo_uri": "",
            "mobile": [],
            "name": "RSS APP (Dev)",
            "native_social_login": [],
            "oidc_backchannel_logout_urls": [],
            "oidc_conformant": false,
            "oidc_logout": [],
            "organization_discovery_methods": [],
            "organization_require_behavior": "",
            "organization_usage": "",
            "refresh_token": [
              {
                "expiration_type": "non-expiring",
                "idle_token_lifetime": 2592000,
                "infinite_idle_token_lifetime": true,
                "infinite_token_lifetime": true,
                "leeway": 0,
                "policies": [],
                "rotation_type": "non-rotating",
                "token_lifetime": 31557600
              }
            ],
            "require_proof_of_possession": false,
            "require_pushed_authorization_requests": false,
            "resource_server_identifier": "",
            "session_transfer": [],
            "signing_keys": [
              {
                "cert": "-----BEGIN CERTIFICATE-----\r\nMIIDFTCCAf2gAwIBAgIJWhchrgWVhs9+MA0GCSqGSIb3DQEBCwUAMCgxJjAkBgNV\r\nBAMTHWFwcHMtc2JveC53cmJlcmtsZXkuYXV0aDAuY29tMB4XDTIzMDEyNDIwMTMz\r\nM1oXDTM2MTAwMjIwMTMzM1owKDEmMCQGA1UEAxMdYXBwcy1zYm94LndyYmVya2xl\r\neS5hdXRoMC5jb20wggEiMA0GCSqGSIb3DQEBAQUAA4IBDwAwggEKAoIBAQDAjDX+\r\nk/Q6ZolH18EwKNpu9QBpRkX76scbYsFTv5FMtgsdv5TSzseCUZi87PJ7zIqRUBCe\r\n8fzQnm8Gh3/BBVW1Om5DTHmVrwCBEOAsvbbHk5seu9EKGDjFLtWljFHmPSVbVUL8\r\nmYAxZAoBuIV12ir9oryJrb7eVjDj+xfkWOt874WjIaCZS/Wku2UbgSrMvZWH16Iu\r\nmViuJIWMPx6eppD5EHHKZB2D41rBC/rJWrNvPUxoDlcnZEsggR6UaGN4RzJYmhjr\r\nyd/WWvsM4AE750+nL4swcy5M7H7d04SbvwZWr8wfKwaYWPL5a/RUgRmw8qJAmmnE\r\nnNLRVLAaSXU+Cc+BAgMBAAGjQjBAMA8GA1UdEwEB/wQFMAMBAf8wHQYDVR0OBBYE\r\nFO2VtsIFm8EyJZ43c2lHPukMrBl/MA4GA1UdDwEB/wQEAwIChDANBgkqhkiG9w0B\r\nAQsFAAOCAQEAObFV8zBghySGyT5Bx3B9wwWhoxoXxz8LMSntwJQbx4f45o/SkZdn\r\nNDL5z30sbGeVXca/xTxE5FjsRIPToPMgHroi3jqJhermBOXxfD3Bjy0k2E8lWByt\r\nPEbo+9WACmmtYIrMIQ8Nk5+gobtMN/kOeu3u14x+2R39AzcD90qeOuxgBoXB/Xqd\r\nGoWswzPZFVCqQ7G1NUw43MqnyANKVrCpAHAqDuGFl/+iIwiBsu9H6f3Mls0R5neD\r\nhE18cWqyv27FjRoNBJ9qMlSDujGZvFlr/MFLH2TdMxQV6Km0nR/wpLre/3EzczEt\r\nGbr3HoSkW+Z74e1GiM4BPZzz7vIiq1dZHQ==\r\n-----END CERTIFICATE-----",
                "pkcs7": "-----BEGIN PKCS7-----\r\nMIIDRAYJKoZIhvcNAQcCoIIDNTCCAzECAQExADALBgkqhkiG9w0BBwGgggMZMIID\r\nFTCCAf2gAwIBAgIJWhchrgWVhs9+MA0GCSqGSIb3DQEBCwUAMCgxJjAkBgNVBAMT\r\nHWFwcHMtc2JveC53cmJlcmtsZXkuYXV0aDAuY29tMB4XDTIzMDEyNDIwMTMzM1oX\r\nDTM2MTAwMjIwMTMzM1owKDEmMCQGA1UEAxMdYXBwcy1zYm94LndyYmVya2xleS5h\r\ndXRoMC5jb20wggEiMA0GCSqGSIb3DQEBAQUAA4IBDwAwggEKAoIBAQDAjDX+k/Q6\r\nZolH18EwKNpu9QBpRkX76scbYsFTv5FMtgsdv5TSzseCUZi87PJ7zIqRUBCe8fzQ\r\nnm8Gh3/BBVW1Om5DTHmVrwCBEOAsvbbHk5seu9EKGDjFLtWljFHmPSVbVUL8mYAx\r\nZAoBuIV12ir9oryJrb7eVjDj+xfkWOt874WjIaCZS/Wku2UbgSrMvZWH16IumViu\r\nJIWMPx6eppD5EHHKZB2D41rBC/rJWrNvPUxoDlcnZEsggR6UaGN4RzJYmhjryd/W\r\nWvsM4AE750+nL4swcy5M7H7d04SbvwZWr8wfKwaYWPL5a/RUgRmw8qJAmmnEnNLR\r\nVLAaSXU+Cc+BAgMBAAGjQjBAMA8GA1UdEwEB/wQFMAMBAf8wHQYDVR0OBBYEFO2V\r\ntsIFm8EyJZ43c2lHPukMrBl/MA4GA1UdDwEB/wQEAwIChDANBgkqhkiG9w0BAQsF\r\nAAOCAQEAObFV8zBghySGyT5Bx3B9wwWhoxoXxz8LMSntwJQbx4f45o/SkZdnNDL5\r\nz30sbGeVXca/xTxE5FjsRIPToPMgHroi3jqJhermBOXxfD3Bjy0k2E8lWBytPEbo\r\n+9WACmmtYIrMIQ8Nk5+gobtMN/kOeu3u14x+2R39AzcD90qeOuxgBoXB/XqdGoWs\r\nwzPZFVCqQ7G1NUw43MqnyANKVrCpAHAqDuGFl/+iIwiBsu9H6f3Mls0R5neDhE18\r\ncWqyv27FjRoNBJ9qMlSDujGZvFlr/MFLH2TdMxQV6Km0nR/wpLre/3EzczEtGbr3\r\nHoSkW+Z74e1GiM4BPZzz7vIiq1dZHTEA\r\n-----END PKCS7-----\r\n",
                "subject": "deprecated"
              }
            ],
            "skip_non_verifiable_callback_uri_confirmation_prompt": "null",
            "sso": false,
            "sso_disabled": false,
            "token_exchange": [],
            "token_quota": [],
            "web_origins": [
              "https://RSS-dev.example.com"
            ]
          },
          "sensitive_attributes": [
            [
              {
                "type": "get_attr",
                "value": "signing_keys"
              }
            ]
          ],
          "identity_schema_version": 0,
          "private": "bnVsbA=="
        }
      ]
    },
    {
      "module": "module.auth0_app[\"VEL-VEL-api-dev\"]",
      "mode": "managed",
      "type": "auth0_client",
      "name": "app",
      "provider": "provider[\"registry.terraform.io/auth0/auth0\"]",
      "instances": [
        {
          "schema_version": 0,
          "attributes": {
            "addons": [],
            "allowed_clients": [],
            "allowed_logout_urls": [
              "https://VEL-dev.example.com/logout"
            ],
            "allowed_origins": [],
            "app_type": "regular_web",
            "async_approval_notification_channels": [],
            "callbacks": [
              "https://vela-dev.example.com/callback"
            ],
            "client_aliases": [],
            "client_id": "hUNqi8vQkVjffLSZwaAwnzFPeqBfkU8C",
            "client_metadata": {
              "environment": "dev",
              "org_name": "VEL",
              "owner_team": "VEL-platform",
              "servicenow_req": "REQ0012345",
              "system": "VEL"
            },
            "compliance_level": "",
            "cross_origin_auth": false,
            "cross_origin_loc": "",
            "custom_login_page": "",
            "custom_login_page_on": true,
            "default_organization": [
              {
                "disable": true,
                "flows": [],
                "organization_id": ""
              }
            ],
            "description": "Org: VEL | SNOW: REQ0012345",
            "encryption_key": null,
            "express_configuration": [],
            "form_template": "",
            "grant_types": [
              "authorization_code",
              "refresh_token"
            ],
            "id": "hUNqi8vQkVjffLSZwaAwnzFPeqBfkU8C",
            "initiate_login_uri": "",
            "is_first_party": true,
            "is_token_endpoint_ip_header_trusted": false,
            "jwt_configuration": [
              {
                "alg": "",
                "lifetime_in_seconds": 3600,
                "scopes": {},
                "secret_encoded": false
              }
            ],
            "logo_uri": "",
            "mobile": [],
            "name": "VEL APP (Dev)",
            "native_social_login": [],
            "oidc_backchannel_logout_urls": [],
            "oidc_conformant": false,
            "oidc_logout": [],
            "organization_discovery_methods": [],
            "organization_require_behavior": "",
            "organization_usage": "",
            "refresh_token": [
              {
                "expiration_type": "non-expiring",
                "idle_token_lifetime": 2592000,
                "infinite_idle_token_lifetime": true,
                "infinite_token_lifetime": true,
                "leeway": 0,
                "policies": [],
                "rotation_type": "non-rotating",
                "token_lifetime": 31557600
              }
            ],
            "require_proof_of_possession": false,
            "require_pushed_authorization_requests": false,
            "resource_server_identifier": "",
            "session_transfer": [],
            "signing_keys": [
              {
                "cert": "-----BEGIN CERTIFICATE-----\r\nMIIDFTCCAf2gAwIBAgIJWhchrgWVhs9+MA0GCSqGSIb3DQEBCwUAMCgxJjAkBgNV\r\nBAMTHWFwcHMtc2JveC53cmJlcmtsZXkuYXV0aDAuY29tMB4XDTIzMDEyNDIwMTMz\r\nM1oXDTM2MTAwMjIwMTMzM1owKDEmMCQGA1UEAxMdYXBwcy1zYm94LndyYmVya2xl\r\neS5hdXRoMC5jb20wggEiMA0GCSqGSIb3DQEBAQUAA4IBDwAwggEKAoIBAQDAjDX+\r\nk/Q6ZolH18EwKNpu9QBpRkX76scbYsFTv5FMtgsdv5TSzseCUZi87PJ7zIqRUBCe\r\n8fzQnm8Gh3/BBVW1Om5DTHmVrwCBEOAsvbbHk5seu9EKGDjFLtWljFHmPSVbVUL8\r\nmYAxZAoBuIV12ir9oryJrb7eVjDj+xfkWOt874WjIaCZS/Wku2UbgSrMvZWH16Iu\r\nmViuJIWMPx6eppD5EHHKZB2D41rBC/rJWrNvPUxoDlcnZEsggR6UaGN4RzJYmhjr\r\nyd/WWvsM4AE750+nL4swcy5M7H7d04SbvwZWr8wfKwaYWPL5a/RUgRmw8qJAmmnE\r\nnNLRVLAaSXU+Cc+BAgMBAAGjQjBAMA8GA1UdEwEB/wQFMAMBAf8wHQYDVR0OBBYE\r\nFO2VtsIFm8EyJZ43c2lHPukMrBl/MA4GA1UdDwEB/wQEAwIChDANBgkqhkiG9w0B\r\nAQsFAAOCAQEAObFV8zBghySGyT5Bx3B9wwWhoxoXxz8LMSntwJQbx4f45o/SkZdn\r\nNDL5z30sbGeVXca/xTxE5FjsRIPToPMgHroi3jqJhermBOXxfD3Bjy0k2E8lWByt\r\nPEbo+9WACmmtYIrMIQ8Nk5+gobtMN/kOeu3u14x+2R39AzcD90qeOuxgBoXB/Xqd\r\nGoWswzPZFVCqQ7G1NUw43MqnyANKVrCpAHAqDuGFl/+iIwiBsu9H6f3Mls0R5neD\r\nhE18cWqyv27FjRoNBJ9qMlSDujGZvFlr/MFLH2TdMxQV6Km0nR/wpLre/3EzczEt\r\nGbr3HoSkW+Z74e1GiM4BPZzz7vIiq1dZHQ==\r\n-----END CERTIFICATE-----",
                "pkcs7": "-----BEGIN PKCS7-----\r\nMIIDRAYJKoZIhvcNAQcCoIIDNTCCAzECAQExADALBgkqhkiG9w0BBwGgggMZMIID\r\nFTCCAf2gAwIBAgIJWhchrgWVhs9+MA0GCSqGSIb3DQEBCwUAMCgxJjAkBgNVBAMT\r\nHWFwcHMtc2JveC53cmJlcmtsZXkuYXV0aDAuY29tMB4XDTIzMDEyNDIwMTMzM1oX\r\nDTM2MTAwMjIwMTMzM1owKDEmMCQGA1UEAxMdYXBwcy1zYm94LndyYmVya2xleS5h\r\ndXRoMC5jb20wggEiMA0GCSqGSIb3DQEBAQUAA4IBDwAwggEKAoIBAQDAjDX+k/Q6\r\nZolH18EwKNpu9QBpRkX76scbYsFTv5FMtgsdv5TSzseCUZi87PJ7zIqRUBCe8fzQ\r\nnm8Gh3/BBVW1Om5DTHmVrwCBEOAsvbbHk5seu9EKGDjFLtWljFHmPSVbVUL8mYAx\r\nZAoBuIV12ir9oryJrb7eVjDj+xfkWOt874WjIaCZS/Wku2UbgSrMvZWH16IumViu\r\nJIWMPx6eppD5EHHKZB2D41rBC/rJWrNvPUxoDlcnZEsggR6UaGN4RzJYmhjryd/W\r\nWvsM4AE750+nL4swcy5M7H7d04SbvwZWr8wfKwaYWPL5a/RUgRmw8qJAmmnEnNLR\r\nVLAaSXU+Cc+BAgMBAAGjQjBAMA8GA1UdEwEB/wQFMAMBAf8wHQYDVR0OBBYEFO2V\r\ntsIFm8EyJZ43c2lHPukMrBl/MA4GA1UdDwEB/wQEAwIChDANBgkqhkiG9w0BAQsF\r\nAAOCAQEAObFV8zBghySGyT5Bx3B9wwWhoxoXxz8LMSntwJQbx4f45o/SkZdnNDL5\r\nz30sbGeVXca/xTxE5FjsRIPToPMgHroi3jqJhermBOXxfD3Bjy0k2E8lWBytPEbo\r\n+9WACmmtYIrMIQ8Nk5+gobtMN/kOeu3u14x+2R39AzcD90qeOuxgBoXB/XqdGoWs\r\nwzPZFVCqQ7G1NUw43MqnyANKVrCpAHAqDuGFl/+iIwiBsu9H6f3Mls0R5neDhE18\r\ncWqyv27FjRoNBJ9qMlSDujGZvFlr/MFLH2TdMxQV6Km0nR/wpLre/3EzczEtGbr3\r\nHoSkW+Z74e1GiM4BPZzz7vIiq1dZHTEA\r\n-----END PKCS7-----\r\n",
                "subject": "deprecated"
              }
            ],
            "skip_non_verifiable_callback_uri_confirmation_prompt": "null",
            "sso": false,
            "sso_disabled": false,
            "token_exchange": [],
            "token_quota": [],
            "web_origins": [
              "https://VEL-dev.example.com"
            ]
          },
          "sensitive_attributes": [
            [
              {
                "type": "get_attr",
                "value": "signing_keys"
              }
            ]
          ],
          "identity_schema_version": 0,
          "private": "bnVsbA=="
        }
      ]
    }
  ],
  "check_results": null
}
